
Microsoft Visual Studio Solution File, Format Version 12.00
# Visual Studio Version 16
VisualStudioVersion = 16.0.30204.135
MinimumVisualStudioVersion = 10.0.40219.1
Project("{FAE04EC0-301F-11D3-BF4B-00C04F79EFBC}") = "USB", "USB\USB.csproj", "{D66718F9-0C23-4204-82C5-63A9A927BE1C}"
EndProject
Project("{FAE04EC0-301F-11D3-BF4B-00C04F79EFBC}") = "USB Web", "USB Web\USB Web.csproj", "{2FBD8F10-6862-488A-810B-5098C47D0163}"
EndProject
Global
	GlobalSection(SolutionConfigurationPlatforms) = preSolution
		Debug|Any CPU = Debug|Any CPU
		Release|Any CPU = Release|Any CPU
	EndGlobalSection
	GlobalSection(ProjectConfigurationPlatforms) = postSolution
		{D66718F9-0C23-4204-82C5-63A9A927BE1C}.Debug|Any CPU.ActiveCfg = Debug|Any CPU
		{D66718F9-0C23-4204-82C5-63A9A927BE1C}.Debug|Any CPU.Build.0 = Debug|Any CPU
		{D66718F9-0C23-4204-82C5-63A9A927BE1C}.Release|Any CPU.ActiveCfg = Release|Any CPU
		{D66718F9-0C23-4204-82C5-63A9A927BE1C}.Release|Any CPU.Build.0 = Release|Any CPU
		{2FBD8F10-6862-488A-810B-5098C47D0163}.Debug|Any CPU.ActiveCfg = Debug|Any CPU
		{2FBD8F10-6862-488A-810B-5098C47D0163}.Debug|Any CPU.Build.0 = Debug|Any CPU
		{2FBD8F10-6862-488A-810B-5098C47D0163}.Release|Any CPU.ActiveCfg = Release|Any CPU
		{2FBD8F10-6862-488A-810B-5098C47D0163}.Release|Any CPU.Build.0 = Release|Any CPU
	EndGlobalSection
	GlobalSection(SolutionProperties) = preSolution
		HideSolutionNode = FALSE
	EndGlobalSection
	GlobalSection(ExtensibilityGlobals) = postSolution
		SolutionGuid = {236E38AC-78A0-46DE-8F2C-8A2A64FBB16C}
	EndGlobalSection
EndGlobal
